dependencies:
  espressif/cmake_utilities:
    component_hash: 351350613ceafba240b761b4ea991e0f231ac7a9f59a9ee901f751bddc0bb18f
    source:
      service_url: https://api.components.espressif.com/
      type: service
    version: 0.5.3
  espressif/esp-now:
    component_hash: 56f902e978ec0b70528ad30a45265b56bf2b91653d13e0badc78159f39f41ece
    source:
      service_url: https://api.components.espressif.com/
      type: service
    version: 2.5.2
  espressif/esp_codec_dev:
    component_hash: 18c22e1411224ba6103c4aca1b01bc740af33926756e9e106370a477d52bcba1
    source:
      service_url: https://api.components.espressif.com/
      type: service
    version: 1.3.4
  idf:
    component_hash: null
    source:
      type: idf
    version: 4.4.8
  lvgl/lvgl:
    component_hash: d7c1ac037ae6e85d94897f807d6e7ba0946a83e720074fc95a4f6241da9f9f53
    source:
      service_url: https://api.components.espressif.com/
      type: service
    version: 8.4.0
manifest_hash: f3f7cc88315c6bd61e86f8d857c1b508c83cd89e8dafc8dac0dc8412e6c1166f
target: esp32s3
version: 1.0.0
